// !$*UTF8*$!
{
	archiveVersion = 1;
	classes = {
	};
	objectVersion = 55;
	objects = {

/* Begin PBXBuildFile section */
		DD752E40285CB8B1009C1836 /* LandmarksApp.swift in Sources */ = {isa = PBXBuildFile; fileRef = DD752E3F285CB8B1009C1836 /* LandmarksApp.swift */; };
		DD752E44285CB8B2009C1836 /* Assets.xcassets in Resources */ = {isa = PBXBuildFile; fileRef = DD752E43285CB8B2009C1836 /* Assets.xcassets */; };
		DD752E47285CB8B2009C1836 /* Preview Assets.xcassets in Resources */ = {isa = PBXBuildFile; fileRef = DD752E46285CB8B2009C1836 /* Preview Assets.xcassets */; };
		DD752E63285CBA9C009C1836 /* ContentView.swift in Sources */ = {isa = PBXBuildFile; fileRef = DD752E62285CBA9C009C1836 /* ContentView.swift */; };
		DD752E6A285CBAB6009C1836 /* MapView.swift in Sources */ = {isa = PBXBuildFile; fileRef = DD752E65285CBAB6009C1836 /* MapView.swift */; };
		DD752E6B285CBAB6009C1836 /* CircleImage.swift in Sources */ = {isa = PBXBuildFile; fileRef = DD752E66285CBAB6009C1836 /* CircleImage.swift */; };
		DD752E6C285CBAB6009C1836 /* LandmarkList.swift in Sources */ = {isa = PBXBuildFile; fileRef = DD752E67285CBAB6009C1836 /* LandmarkList.swift */; };
		DD752E6D285CBAB6009C1836 /* LandMarkDetail.swift in Sources */ = {isa = PBXBuildFile; fileRef = DD752E68285CBAB6009C1836 /* LandMarkDetail.swift */; };
		DD752E6E285CBAB6009C1836 /* LandmarkRow.swift in Sources */ = {isa = PBXBuildFile; fileRef = DD752E69285CBAB6009C1836 /* LandmarkRow.swift */; };
		DD752E74285CBAC5009C1836 /* Landmark.swift in Sources */ = {isa = PBXBuildFile; fileRef = DD752E70285CBAC5009C1836 /* Landmark.swift */; };
		DD752E75285CBAC5009C1836 /* landmarkData.json in Resources */ = {isa = PBXBuildFile; fileRef = DD752E72285CBAC5009C1836 /* landmarkData.json */; };
		DD752E76285CBAC5009C1836 /* MockParser.swift in Sources */ = {isa = PBXBuildFile; fileRef = DD752E73285CBAC5009C1836 /* MockParser.swift */; };
/* End PBXBuildFile section */

/* Begin PBXFileReference section */
		DD752E3C285CB8B1009C1836 /* Landmarks.app */ = {isa = PBXFileReference; explicitFileType = wrapper.application; includeInIndex = 0; path = Landmarks.app; sourceTree = BUILT_PRODUCTS_DIR; };
		DD752E3F285CB8B1009C1836 /* LandmarksApp.swift */ = {isa = PBXFileReference; lastKnownFileType = sourcecode.swift; path = LandmarksApp.swift; sourceTree = "<group>"; };
		DD752E43285CB8B2009C1836 /* Assets.xcassets */ = {isa = PBXFileReference; lastKnownFileType = folder.assetcatalog; path = Assets.xcassets; sourceTree = "<group>"; };
		DD752E46285CB8B2009C1836 /* Preview Assets.xcassets */ = {isa = PBXFileReference; lastKnownFileType = folder.assetcatalog; path = "Preview Assets.xcassets"; sourceTree = "<group>"; };
		DD752E62285CBA9C009C1836 /* ContentView.swift */ = {isa = PBXFileReference; fileEncoding = 4; lastKnownFileType = sourcecode.swift; path = ContentView.swift; sourceTree = "<group>"; };
		DD752E65285CBAB6009C1836 /* MapView.swift */ = {isa = PBXFileReference; fileEncoding = 4; lastKnownFileType = sourcecode.swift; path = MapView.swift; sourceTree = "<group>"; };
		DD752E66285CBAB6009C1836 /* CircleImage.swift */ = {isa = PBXFileReference; fileEncoding = 4; lastKnownFileType = sourcecode.swift; path = CircleImage.swift; sourceTree = "<group>"; };
		DD752E67285CBAB6009C1836 /* LandmarkList.swift */ = {isa = PBXFileReference; fileEncoding = 4; lastKnownFileType = sourcecode.swift; path = LandmarkList.swift; sourceTree = "<group>"; };
		DD752E68285CBAB6009C1836 /* LandMarkDetail.swift */ = {isa = PBXFileReference; fileEncoding = 4; lastKnownFileType = sourcecode.swift; path = LandMarkDetail.swift; sourceTree = "<group>"; };
		DD752E69285CBAB6009C1836 /* LandmarkRow.swift */ = {isa = PBXFileReference; fileEncoding = 4; lastKnownFileType = sourcecode.swift; path = LandmarkRow.swift; sourceTree = "<group>"; };
		DD752E70285CBAC5009C1836 /* Landmark.swift */ = {isa = PBXFileReference; fileEncoding = 4; lastKnownFileType = sourcecode.swift; path = Landmark.swift; sourceTree = "<group>"; };
		DD752E72285CBAC5009C1836 /* landmarkData.json */ = {isa = PBXFileReference; fileEncoding = 4; lastKnownFileType = text.json; path = landmarkData.json; sourceTree = "<group>"; };
		DD752E73285CBAC5009C1836 /* MockParser.swift */ = {isa = PBXFileReference; fileEncoding = 4; lastKnownFileType = sourcecode.swift; path = MockParser.swift; sourceTree = "<group>"; };
/* End PBXFileReference section */

/* Begin PBXFrameworksBuildPhase section */
		DD752E39285CB8B1009C1836 /* Frameworks */ = {
			isa = PBXFrameworksBuildPhase;
			buildActionMask = 2147483647;
			files = (
			);
			runOnlyForDeploymentPostprocessing = 0;
		};
/* End PBXFrameworksBuildPhase section */

/* Begin PBXGroup section */
		DD752E33285CB8B1009C1836 = {
			isa = PBXGroup;
			children = (
				DD752E3E285CB8B1009C1836 /* Landmarks */,
				DD752E3D285CB8B1009C1836 /* Products */,
			);
			sourceTree = "<group>";
		};
		DD752E3D285CB8B1009C1836 /* Products */ = {
			isa = PBXGroup;
			children = (
				DD752E3C285CB8B1009C1836 /* Landmarks.app */,
			);
			name = Products;
			sourceTree = "<group>";
		};
		DD752E3E285CB8B1009C1836 /* Landmarks */ = {
			isa = PBXGroup;
			children = (
				DD752E71285CBAC5009C1836 /* Mock */,
				DD752E6F285CBAC5009C1836 /* Model */,
				DD752E64285CBAB6009C1836 /* Views */,
				DD752E3F285CB8B1009C1836 /* LandmarksApp.swift */,
				DD752E62285CBA9C009C1836 /* ContentView.swift */,
				DD752E43285CB8B2009C1836 /* Assets.xcassets */,
				DD752E45285CB8B2009C1836 /* Preview Content */,
			);
			path = Landmarks;
			sourceTree = "<group>";
		};
		DD752E45285CB8B2009C1836 /* Preview Content */ = {
			isa = PBXGroup;
			children = (
				DD752E46285CB8B2009C1836 /* Preview Assets.xcassets */,
			);
			path = "Preview Content";
			sourceTree = "<group>";
		};
		DD752E64285CBAB6009C1836 /* Views */ = {
			isa = PBXGroup;
			children = (
				DD752E65285CBAB6009C1836 /* MapView.swift */,
				DD752E66285CBAB6009C1836 /* CircleImage.swift */,
				DD752E67285CBAB6009C1836 /* LandmarkList.swift */,
				DD752E68285CBAB6009C1836 /* LandMarkDetail.swift */,
				DD752E69285CBAB6009C1836 /* LandmarkRow.swift */,
			);
			path = Views;
			sourceTree = "<group>";
		};
		DD752E6F285CBAC5009C1836 /* Model */ = {
			isa = PBXGroup;
			children = (
				DD752E70285CBAC5009C1836 /* Landmark.swift */,
			);
			path = Model;
			sourceTree = "<group>";
		};
		DD752E71285CBAC5009C1836 /* Mock */ = {
			isa = PBXGroup;
			children = (
				DD752E72285CBAC5009C1836 /* landmarkData.json */,
				DD752E73285CBAC5009C1836 /* MockParser.swift */,
			);
			path = Mock;
			sourceTree = "<group>";
		};
/* End PBXGroup section */

/* Begin PBXNativeTarget section */
		DD752E3B285CB8B1009C1836 /* Landmarks */ = {
			isa = PBXNativeTarget;
			buildConfigurationList = DD752E4A285CB8B2009C1836 /* Build configuration list for PBXNativeTarget "Landmarks" */;
			buildPhases = (
				DD752E38285CB8B1009C1836 /* Sources */,
				DD752E39285CB8B1009C1836 /* Frameworks */,
				DD752E3A285CB8B1009C1836 /* Resources */,
			);
			buildRules = (
			);
			dependencies = (
			);
			name = Landmarks;
			productName = Landmarks;
			productReference = DD752E3C285CB8B1009C1836 /* Landmarks.app */;
			productType = "com.apple.product-type.application";
		};
/* End PBXNativeTarget section */

/* Begin PBXProject section */
		DD752E34285CB8B1009C1836 /* Project object */ = {
			isa = PBXProject;
			attributes = {
				BuildIndependentTargetsInParallel = 1;
				LastSwiftUpdateCheck = 1310;
				LastUpgradeCheck = 1310;
				TargetAttributes = {
					DD752E3B285CB8B1009C1836 = {
						CreatedOnToolsVersion = 13.1;
					};
				};
			};
			buildConfigurationList = DD752E37285CB8B1009C1836 /* Build configuration list for PBXProject "Landmarks" */;
			compatibilityVersion = "Xcode 13.0";
			developmentRegion = en;
			hasScannedForEncodings = 0;
			knownRegions = (
				en,
				Base,
			);
			mainGroup = DD752E33285CB8B1009C1836;
			productRefGroup = DD752E3D285CB8B1009C1836 /* Products */;
			projectDirPath = "";
			projectRoot = "";
			targets = (
				DD752E3B285CB8B1009C1836 /* Landmarks */,
			);
		};
/* End PBXProject section */

/* Begin PBXResourcesBuildPhase section */
		DD752E3A285CB8B1009C1836 /* Resources */ = {
			isa = PBXResourcesBuildPhase;
			buildActionMask = 2147483647;
			files = (
				DD752E47285CB8B2009C1836 /* Preview Assets.xcassets in Resources */,
				DD752E44285CB8B2009C1836 /* Assets.xcassets in Resources */,
				DD752E75285CBAC5009C1836 /* landmarkData.json in Resources */,
			);
			runOnlyForDeploymentPostprocessing = 0;
		};
/* End PBXResourcesBuildPhase section */

/* Begin PBXSourcesBuildPhase section */
		DD752E38285CB8B1009C1836 /* Sources */ = {
			isa = PBXSourcesBuildPhase;
			buildActionMask = 2147483647;
			files = (
				DD752E40285CB8B1009C1836 /* LandmarksApp.swift in Sources */,
				DD752E6B285CBAB6009C1836 /* CircleImage.swift in Sources */,
				DD752E6A285CBAB6009C1836 /* MapView.swift in Sources */,
				DD752E76285CBAC5009C1836 /* MockParser.swift in Sources */,
				DD752E74285CBAC5009C1836 /* Landmark.swift in Sources */,
				DD752E63285CBA9C009C1836 /* ContentView.swift in Sources */,
				DD752E6D285CBAB6009C1836 /* LandMarkDetail.swift in Sources */,
				DD752E6E285CBAB6009C1836 /* LandmarkRow.swift in Sources */,
				DD752E6C285CBAB6009C1836 /* LandmarkList.swift in Sources */,
			);
			runOnlyForDeploymentPostprocessing = 0;
		};
/* End PBXSourcesBuildPhase section */

/* Begin XCBuildConfiguration section */
		DD752E48285CB8B2009C1836 /* Debug */ = {
			isa = XCBuildConfiguration;
			buildSettings = {
				ALWAYS_SEARCH_USER_PATHS = NO;
				CLANG_ANALYZER_NONNULL = YES;
				CLANG_ANALYZER_NUMBER_OBJECT_CONVERSION = YES_AGGRESSIVE;
				CLANG_CXX_LANGUAGE_STANDARD = "gnu++17";
				CLANG_CXX_LIBRARY = "libc++";
				CLANG_ENABLE_MODULES = YES;
				CLANG_ENABLE_OBJC_ARC = YES;
				CLANG_ENABLE_OBJC_WEAK = YES;
				CLANG_WARN_BLOCK_CAPTURE_AUTORELEASING = YES;
				CLANG_WARN_BOOL_CONVERSION = YES;
				CLANG_WARN_COMMA = YES;
				CLANG_WARN_CONSTANT_CONVERSION = YES;
				CLANG_WARN_DEPRECATED_OBJC_IMPLEMENTATIONS = YES;
				CLANG_WARN_DIRECT_OBJC_ISA_USAGE = YES_ERROR;
				CLANG_WARN_DOCUMENTATION_COMMENTS = YES;
				CLANG_WARN_EMPTY_BODY = YES;
				CLANG_WARN_ENUM_CONVERSION = YES;
				CLANG_WARN_INFINITE_RECURSION = YES;
				CLANG_WARN_INT_CONVERSION = YES;
				CLANG_WARN_NON_LITERAL_NULL_CONVERSION = YES;
				CLANG_WARN_OBJC_IMPLICIT_RETAIN_SELF = YES;
				CLANG_WARN_OBJC_LITERAL_CONVERSION = YES;
				CLANG_WARN_OBJC_ROOT_CLASS = YES_ERROR;
				CLANG_WARN_QUOTED_INCLUDE_IN_FRAMEWORK_HEADER = YES;
				CLANG_WARN_RANGE_LOOP_ANALYSIS = YES;
				CLANG_WARN_STRICT_PROTOTYPES = YES;
				CLANG_WARN_SUSPICIOUS_MOVE = YES;
				CLANG_WARN_UNGUARDED_AVAILABILITY = YES_AGGRESSIVE;
				CLANG_WARN_UNREACHABLE_CODE = YES;
				CLANG_WARN__DUPLICATE_METHOD_MATCH = YES;
				COPY_PHASE_STRIP = NO;
				DEBUG_INFORMATION_FORMAT = dwarf;
				ENABLE_STRICT_OBJC_MSGSEND = YES;
				ENABLE_TESTABILITY = YES;
				GCC_C_LANGUAGE_STANDARD = gnu11;
				GCC_DYNAMIC_NO_PIC = NO;
				GCC_NO_COMMON_BLOCKS = YES;
				GCC_OPTIMIZATION_LEVEL = 0;
				GCC_PREPROCESSOR_DEFINITIONS = (
					"DEBUG=1",
					"$(inherited)",
				);
				GCC_WARN_64_TO_32_BIT_CONVERSION = YES;
				GCC_WARN_ABOUT_RETURN_TYPE = YES_ERROR;
				GCC_WARN_UNDECLARED_SELECTOR = YES;
				GCC_WARN_UNINITIALIZED_AUTOS = YES_AGGRESSIVE;
				GCC_WARN_UNUSED_FUNCTION = YES;
				GCC_WARN_UNUSED_VARIABLE = YES;
				IPHONEOS_DEPLOYMENT_TARGET = 15.0;
				MTL_ENABLE_DEBUG_INFO = INCLUDE_SOURCE;
				MTL_FAST_MATH = YES;
				ONLY_ACTIVE_ARCH = YES;
				SDKROOT = iphoneos;
				SWIFT_ACTIVE_COMPILATION_CONDITIONS = DEBUG;
				SWIFT_OPTIMIZATION_LEVEL = "-Onone";
			};
			name = Debug;
		};
		DD752E49285CB8B2009C1836 /* Release */ = {
			isa = XCBuildConfiguration;
			buildSettings = {
				ALWAYS_SEARCH_USER_PATHS = NO;
				CLANG_ANALYZER_NONNULL = YES;
				CLANG_ANALYZER_NUMBER_OBJECT_CONVERSION = YES_AGGRESSIVE;
				CLANG_CXX_LANGUAGE_STANDARD = "gnu++17";
				CLANG_CXX_LIBRARY = "libc++";
				CLANG_ENABLE_MODULES = YES;
				CLANG_ENABLE_OBJC_ARC = YES;
				CLANG_ENABLE_OBJC_WEAK = YES;
				CLANG_WARN_BLOCK_CAPTURE_AUTORELEASING = YES;
				CLANG_WARN_BOOL_CONVERSION = YES;
				CLANG_WARN_COMMA = YES;
				CLANG_WARN_CONSTANT_CONVERSION = YES;
				CLANG_WARN_DEPRECATED_OBJC_IMPLEMENTATIONS = YES;
				CLANG_WARN_DIRECT_OBJC_ISA_USAGE = YES_ERROR;
				CLANG_WARN_DOCUMENTATION_COMMENTS = YES;
				CLANG_WARN_EMPTY_BODY = YES;
				CLANG_WARN_ENUM_CONVERSION = YES;
				CLANG_WARN_INFINITE_RECURSION = YES;
				CLANG_WARN_INT_CONVERSION = YES;
				CLANG_WARN_NON_LITERAL_NULL_CONVERSION = YES;
				CLANG_WARN_OBJC_IMPLICIT_RETAIN_SELF = YES;
				CLANG_WARN_OBJC_LITERAL_CONVERSION = YES;
				CLANG_WARN_OBJC_ROOT_CLASS = YES_ERROR;
				CLANG_WARN_QUOTED_INCLUDE_IN_FRAMEWORK_HEADER = YES;
				CLANG_WARN_RANGE_LOOP_ANALYSIS = YES;
				CLANG_WARN_STRICT_PROTOTYPES = YES;
				CLANG_WARN_SUSPICIOUS_MOVE = YES;
				CLANG_WARN_UNGUARDED_AVAILABILITY = YES_AGGRESSIVE;
				CLANG_WARN_UNREACHABLE_CODE = YES;
				CLANG_WARN__DUPLICATE_METHOD_MATCH = YES;
				COPY_PHASE_STRIP = NO;
				DEBUG_INFORMATION_FORMAT = "dwarf-with-dsym";
				ENABLE_NS_ASSERTIONS = NO;
				ENABLE_STRICT_OBJC_MSGSEND = YES;
				GCC_C_LANGUAGE_STANDARD = gnu11;
				GCC_NO_COMMON_BLOCKS = YES;
				GCC_WARN_64_TO_32_BIT_CONVERSION = YES;
				GCC_WARN_ABOUT_RETURN_TYPE = YES_ERROR;
				GCC_WARN_UNDECLARED_SELECTOR = YES;
				GCC_WARN_UNINITIALIZED_AUTOS = YES_AGGRESSIVE;
				GCC_WARN_UNUSED_FUNCTION = YES;
				GCC_WARN_UNUSED_VARIABLE = YES;
				IPHONEOS_DEPLOYMENT_TARGET = 15.0;
				MTL_ENABLE_DEBUG_INFO = NO;
				MTL_FAST_MATH = YES;
				SDKROOT = iphoneos;
				SWIFT_COMPILATION_MODE = wholemodule;
				SWIFT_OPTIMIZATION_LEVEL = "-O";
				VALIDATE_PRODUCT = YES;
			};
			name = Release;
		};
		DD752E4B285CB8B2009C1836 /* Debug */ = {
			isa = XCBuildConfiguration;
			buildSettings = {
				ASSETCATALOG_COMPILER_APPICON_NAME = AppIcon;
				ASSETCATALOG_COMPILER_GLOBAL_ACCENT_COLOR_NAME = AccentColor;
				CODE_SIGN_STYLE = Automatic;
				CURRENT_PROJECT_VERSION = 1;
				DEVELOPMENT_ASSET_PATHS = "\"Landmarks/Preview Content\"";
				DEVELOPMENT_TEAM = 9F4B35UX2F;
				ENABLE_PREVIEWS = YES;
				GENERATE_INFOPLIST_FILE = YES;
				INFOPLIST_KEY_UIApplicationSceneManifest_Generation = YES;
				INFOPLIST_KEY_UIApplicationSupportsIndirectInputEvents = YES;
				INFOPLIST_KEY_UILaunchScreen_Generation = YES;
				INFOPLIST_KEY_UISupportedInterfaceOrientations_iPad = "UIInterfaceOrientationPortrait UIInterfaceOrientationPortraitUpsideDown UIInterfaceOrientationLandscapeLeft UIInterfaceOrientationLandscapeRight";
				INFOPLIST_KEY_UISupportedInterfaceOrientations_iPhone = "UIInterfaceOrientationPortrait UIInterfaceOrientationLandscapeLeft UIInterfaceOrientationLandscapeRight";
				LD_RUNPATH_SEARCH_PATHS = (
					"$(inherited)",
					"@executable_path/Frameworks",
				);
				MARKETING_VERSION = 1.0;
				PRODUCT_BUNDLE_IDENTIFIER = com.ezidayzi.Landmarks;
				PRODUCT_NAME = "$(TARGET_NAME)";
				SWIFT_EMIT_LOC_STRINGS = YES;
				SWIFT_VERSION = 5.0;
				TARGETED_DEVICE_FAMILY = "1,2";
			};
			name = Debug;
		};
		DD752E4C285CB8B2009C1836 /* Release */ = {
			isa = XCBuildConfiguration;
			buildSettings = {
				ASSETCATALOG_COMPILER_APPICON_NAME = AppIcon;
				ASSETCATALOG_COMPILER_GLOBAL_ACCENT_COLOR_NAME = AccentColor;
				CODE_SIGN_STYLE = Automatic;
				CURRENT_PROJECT_VERSION = 1;
				DEVELOPMENT_ASSET_PATHS = "\"Landmarks/Preview Content\"";
				DEVELOPMENT_TEAM = 9F4B35UX2F;
				ENABLE_PREVIEWS = YES;
				GENERATE_INFOPLIST_FILE = YES;
				INFOPLIST_KEY_UIApplicationSceneManifest_Generation = YES;
				INFOPLIST_KEY_UIApplicationSupportsIndirectInputEvents = YES;
				INFOPLIST_KEY_UILaunchScreen_Generation = YES;
				INFOPLIST_KEY_UISupportedInterfaceOrientations_iPad = "UIInterfaceOrientationPortrait UIInterfaceOrientationPortraitUpsideDown UIInterfaceOrientationLandscapeLeft UIInterfaceOrientationLandscapeRight";
				INFOPLIST_KEY_UISupportedInterfaceOrientations_iPhone = "UIInterfaceOrientationPortrait UIInterfaceOrientationLandscapeLeft UIInterfaceOrientationLandscapeRight";
				LD_RUNPATH_SEARCH_PATHS = (
					"$(inherited)",
					"@executable_path/Frameworks",
				);
				MARKETING_VERSION = 1.0;
				PRODUCT_BUNDLE_IDENTIFIER = com.ezidayzi.Landmarks;
				PRODUCT_NAME = "$(TARGET_NAME)";
				SWIFT_EMIT_LOC_STRINGS = YES;
				SWIFT_VERSION = 5.0;
				TARGETED_DEVICE_FAMILY = "1,2";
			};
			name = Release;
		};
/* End XCBuildConfiguration section */

/* Begin XCConfigurationList section */
		DD752E37285CB8B1009C1836 /* Build configuration list for PBXProject "Landmarks" */ = {
			isa = XCConfigurationList;
			buildConfigurations = (
				DD752E48285CB8B2009C1836 /* Debug */,
				DD752E49285CB8B2009C1836 /* Release */,
			);
			defaultConfigurationIsVisible = 0;
			defaultConfigurationName = Release;
		};
		DD752E4A285CB8B2009C1836 /* Build configuration list for PBXNativeTarget "Landmarks" */ = {
			isa = XCConfigurationList;
			buildConfigurations = (
				DD752E4B285CB8B2009C1836 /* Debug */,
				DD752E4C285CB8B2009C1836 /* Release */,
			);
			defaultConfigurationIsVisible = 0;
			defaultConfigurationName = Release;
		};
/* End XCConfigurationList section */
	};
	rootObject = DD752E34285CB8B1009C1836 /* Project object */;
}
