// !$*UTF8*$!
{
	archiveVersion = 1;
	classes = {
	};
	objectVersion = 55;
	objects = {

/* Begin PBXBuildFile section */
		DD464B12285A276600D55F40 /* BuildingListsAndNavigationApp.swift in Sources */ = {isa = PBXBuildFile; fileRef = DD464B11285A276600D55F40 /* BuildingListsAndNavigationApp.swift */; };
		DD464B16285A276800D55F40 /* Assets.xcassets in Resources */ = {isa = PBXBuildFile; fileRef = DD464B15285A276800D55F40 /* Assets.xcassets */; };
		DD464B19285A276800D55F40 /* Preview Assets.xcassets in Resources */ = {isa = PBXBuildFile; fileRef = DD464B18285A276800D55F40 /* Preview Assets.xcassets */; };
		DD464B21285A27DA00D55F40 /* landmarkData.json in Resources */ = {isa = PBXBuildFile; fileRef = DD464B20285A27DA00D55F40 /* landmarkData.json */; };
		DD464B24285A283500D55F40 /* Landmark.swift in Sources */ = {isa = PBXBuildFile; fileRef = DD464B23285A283500D55F40 /* Landmark.swift */; };
		DD464B26285A290500D55F40 /* MockParser.swift in Sources */ = {isa = PBXBuildFile; fileRef = DD464B25285A290400D55F40 /* MockParser.swift */; };
		DD464B29285A29AD00D55F40 /* ContentView.swift in Sources */ = {isa = PBXBuildFile; fileRef = DD464B28285A29AD00D55F40 /* ContentView.swift */; };
		DD464B2B285A29B800D55F40 /* CircleImage.swift in Sources */ = {isa = PBXBuildFile; fileRef = DD464B2A285A29B800D55F40 /* CircleImage.swift */; };
		DD464B2D285A29BD00D55F40 /* MapView.swift in Sources */ = {isa = PBXBuildFile; fileRef = DD464B2C285A29BD00D55F40 /* MapView.swift */; };
		DD464B2F285A2A3500D55F40 /* LandmarkRow.swift in Sources */ = {isa = PBXBuildFile; fileRef = DD464B2E285A2A3500D55F40 /* LandmarkRow.swift */; };
		DD464B31285A2C3A00D55F40 /* LandmarkList.swift in Sources */ = {isa = PBXBuildFile; fileRef = DD464B30285A2C3A00D55F40 /* LandmarkList.swift */; };
		DD464B33285A2DBB00D55F40 /* LandMarkDetail.swift in Sources */ = {isa = PBXBuildFile; fileRef = DD464B32285A2DBB00D55F40 /* LandMarkDetail.swift */; };
/* End PBXBuildFile section */

/* Begin PBXFileReference section */
		DD464B0E285A276600D55F40 /* BuildingListsAndNavigation.app */ = {isa = PBXFileReference; explicitFileType = wrapper.application; includeInIndex = 0; path = BuildingListsAndNavigation.app; sourceTree = BUILT_PRODUCTS_DIR; };
		DD464B11285A276600D55F40 /* BuildingListsAndNavigationApp.swift */ = {isa = PBXFileReference; lastKnownFileType = sourcecode.swift; path = BuildingListsAndNavigationApp.swift; sourceTree = "<group>"; };
		DD464B15285A276800D55F40 /* Assets.xcassets */ = {isa = PBXFileReference; lastKnownFileType = folder.assetcatalog; path = Assets.xcassets; sourceTree = "<group>"; };
		DD464B18285A276800D55F40 /* Preview Assets.xcassets */ = {isa = PBXFileReference; lastKnownFileType = folder.assetcatalog; path = "Preview Assets.xcassets"; sourceTree = "<group>"; };
		DD464B20285A27DA00D55F40 /* landmarkData.json */ = {isa = PBXFileReference; fileEncoding = 4; lastKnownFileType = text.json; path = landmarkData.json; sourceTree = "<group>"; };
		DD464B23285A283500D55F40 /* Landmark.swift */ = {isa = PBXFileReference; lastKnownFileType = sourcecode.swift; path = Landmark.swift; sourceTree = "<group>"; };
		DD464B25285A290400D55F40 /* MockParser.swift */ = {isa = PBXFileReference; lastKnownFileType = sourcecode.swift; path = MockParser.swift; sourceTree = "<group>"; };
		DD464B28285A29AD00D55F40 /* ContentView.swift */ = {isa = PBXFileReference; fileEncoding = 4; lastKnownFileType = sourcecode.swift; name = ContentView.swift; path = ../../../CreatingAndCombiningViews/CreatingAndCombiningViews/ContentView.swift; sourceTree = "<group>"; };
		DD464B2A285A29B800D55F40 /* CircleImage.swift */ = {isa = PBXFileReference; fileEncoding = 4; lastKnownFileType = sourcecode.swift; name = CircleImage.swift; path = ../../../CreatingAndCombiningViews/CreatingAndCombiningViews/CircleImage.swift; sourceTree = "<group>"; };
		DD464B2C285A29BD00D55F40 /* MapView.swift */ = {isa = PBXFileReference; fileEncoding = 4; lastKnownFileType = sourcecode.swift; name = MapView.swift; path = ../../../CreatingAndCombiningViews/CreatingAndCombiningViews/MapView.swift; sourceTree = "<group>"; };
		DD464B2E285A2A3500D55F40 /* LandmarkRow.swift */ = {isa = PBXFileReference; lastKnownFileType = sourcecode.swift; path = LandmarkRow.swift; sourceTree = "<group>"; };
		DD464B30285A2C3A00D55F40 /* LandmarkList.swift */ = {isa = PBXFileReference; lastKnownFileType = sourcecode.swift; path = LandmarkList.swift; sourceTree = "<group>"; };
		DD464B32285A2DBB00D55F40 /* LandMarkDetail.swift */ = {isa = PBXFileReference; lastKnownFileType = sourcecode.swift; path = LandMarkDetail.swift; sourceTree = "<group>"; };
/* End PBXFileReference section */

/* Begin PBXFrameworksBuildPhase section */
		DD464B0B285A276600D55F40 /* Frameworks */ = {
			isa = PBXFrameworksBuildPhase;
			buildActionMask = 2147483647;
			files = (
			);
			runOnlyForDeploymentPostprocessing = 0;
		};
/* End PBXFrameworksBuildPhase section */

/* Begin PBXGroup section */
		DD464B05285A276600D55F40 = {
			isa = PBXGroup;
			children = (
				DD464B10285A276600D55F40 /* BuildingListsAndNavigation */,
				DD464B0F285A276600D55F40 /* Products */,
			);
			sourceTree = "<group>";
		};
		DD464B0F285A276600D55F40 /* Products */ = {
			isa = PBXGroup;
			children = (
				DD464B0E285A276600D55F40 /* BuildingListsAndNavigation.app */,
			);
			name = Products;
			sourceTree = "<group>";
		};
		DD464B10285A276600D55F40 /* BuildingListsAndNavigation */ = {
			isa = PBXGroup;
			children = (
				DD464B27285A296600D55F40 /* Views */,
				DD464B22285A27EA00D55F40 /* Model */,
				DD464B1F285A27C200D55F40 /* Mock */,
				DD464B11285A276600D55F40 /* BuildingListsAndNavigationApp.swift */,
				DD464B15285A276800D55F40 /* Assets.xcassets */,
				DD464B17285A276800D55F40 /* Preview Content */,
			);
			path = BuildingListsAndNavigation;
			sourceTree = "<group>";
		};
		DD464B17285A276800D55F40 /* Preview Content */ = {
			isa = PBXGroup;
			children = (
				DD464B18285A276800D55F40 /* Preview Assets.xcassets */,
			);
			path = "Preview Content";
			sourceTree = "<group>";
		};
		DD464B1F285A27C200D55F40 /* Mock */ = {
			isa = PBXGroup;
			children = (
				DD464B20285A27DA00D55F40 /* landmarkData.json */,
				DD464B25285A290400D55F40 /* MockParser.swift */,
			);
			path = Mock;
			sourceTree = "<group>";
		};
		DD464B22285A27EA00D55F40 /* Model */ = {
			isa = PBXGroup;
			children = (
				DD464B23285A283500D55F40 /* Landmark.swift */,
			);
			path = Model;
			sourceTree = "<group>";
		};
		DD464B27285A296600D55F40 /* Views */ = {
			isa = PBXGroup;
			children = (
				DD464B28285A29AD00D55F40 /* ContentView.swift */,
				DD464B2A285A29B800D55F40 /* CircleImage.swift */,
				DD464B2C285A29BD00D55F40 /* MapView.swift */,
				DD464B2E285A2A3500D55F40 /* LandmarkRow.swift */,
				DD464B30285A2C3A00D55F40 /* LandmarkList.swift */,
				DD464B32285A2DBB00D55F40 /* LandMarkDetail.swift */,
			);
			path = Views;
			sourceTree = "<group>";
		};
/* End PBXGroup section */

/* Begin PBXNativeTarget section */
		DD464B0D285A276600D55F40 /* BuildingListsAndNavigation */ = {
			isa = PBXNativeTarget;
			buildConfigurationList = DD464B1C285A276800D55F40 /* Build configuration list for PBXNativeTarget "BuildingListsAndNavigation" */;
			buildPhases = (
				DD464B0A285A276600D55F40 /* Sources */,
				DD464B0B285A276600D55F40 /* Frameworks */,
				DD464B0C285A276600D55F40 /* Resources */,
			);
			buildRules = (
			);
			dependencies = (
			);
			name = BuildingListsAndNavigation;
			productName = BuildingListsAndNavigation;
			productReference = DD464B0E285A276600D55F40 /* BuildingListsAndNavigation.app */;
			productType = "com.apple.product-type.application";
		};
/* End PBXNativeTarget section */

/* Begin PBXProject section */
		DD464B06285A276600D55F40 /* Project object */ = {
			isa = PBXProject;
			attributes = {
				BuildIndependentTargetsInParallel = 1;
				LastSwiftUpdateCheck = 1310;
				LastUpgradeCheck = 1310;
				TargetAttributes = {
					DD464B0D285A276600D55F40 = {
						CreatedOnToolsVersion = 13.1;
					};
				};
			};
			buildConfigurationList = DD464B09285A276600D55F40 /* Build configuration list for PBXProject "BuildingListsAndNavigation" */;
			compatibilityVersion = "Xcode 13.0";
			developmentRegion = en;
			hasScannedForEncodings = 0;
			knownRegions = (
				en,
				Base,
			);
			mainGroup = DD464B05285A276600D55F40;
			productRefGroup = DD464B0F285A276600D55F40 /* Products */;
			projectDirPath = "";
			projectRoot = "";
			targets = (
				DD464B0D285A276600D55F40 /* BuildingListsAndNavigation */,
			);
		};
/* End PBXProject section */

/* Begin PBXResourcesBuildPhase section */
		DD464B0C285A276600D55F40 /* Resources */ = {
			isa = PBXResourcesBuildPhase;
			buildActionMask = 2147483647;
			files = (
				DD464B19285A276800D55F40 /* Preview Assets.xcassets in Resources */,
				DD464B16285A276800D55F40 /* Assets.xcassets in Resources */,
				DD464B21285A27DA00D55F40 /* landmarkData.json in Resources */,
			);
			runOnlyForDeploymentPostprocessing = 0;
		};
/* End PBXResourcesBuildPhase section */

/* Begin PBXSourcesBuildPhase section */
		DD464B0A285A276600D55F40 /* Sources */ = {
			isa = PBXSourcesBuildPhase;
			buildActionMask = 2147483647;
			files = (
				DD464B29285A29AD00D55F40 /* ContentView.swift in Sources */,
				DD464B2D285A29BD00D55F40 /* MapView.swift in Sources */,
				DD464B12285A276600D55F40 /* BuildingListsAndNavigationApp.swift in Sources */,
				DD464B31285A2C3A00D55F40 /* LandmarkList.swift in Sources */,
				DD464B33285A2DBB00D55F40 /* LandMarkDetail.swift in Sources */,
				DD464B26285A290500D55F40 /* MockParser.swift in Sources */,
				DD464B24285A283500D55F40 /* Landmark.swift in Sources */,
				DD464B2F285A2A3500D55F40 /* LandmarkRow.swift in Sources */,
				DD464B2B285A29B800D55F40 /* CircleImage.swift in Sources */,
			);
			runOnlyForDeploymentPostprocessing = 0;
		};
/* End PBXSourcesBuildPhase section */

/* Begin XCBuildConfiguration section */
		DD464B1A285A276800D55F40 /* Debug */ = {
			isa = XCBuildConfiguration;
			buildSettings = {
				ALWAYS_SEARCH_USER_PATHS = NO;
				CLANG_ANALYZER_NONNULL = YES;
				CLANG_ANALYZER_NUMBER_OBJECT_CONVERSION = YES_AGGRESSIVE;
				CLANG_CXX_LANGUAGE_STANDARD = "gnu++17";
				CLANG_CXX_LIBRARY = "libc++";
				CLANG_ENABLE_MODULES = YES;
				CLANG_ENABLE_OBJC_ARC = YES;
				CLANG_ENABLE_OBJC_WEAK = YES;
				CLANG_WARN_BLOCK_CAPTURE_AUTORELEASING = YES;
				CLANG_WARN_BOOL_CONVERSION = YES;
				CLANG_WARN_COMMA = YES;
				CLANG_WARN_CONSTANT_CONVERSION = YES;
				CLANG_WARN_DEPRECATED_OBJC_IMPLEMENTATIONS = YES;
				CLANG_WARN_DIRECT_OBJC_ISA_USAGE = YES_ERROR;
				CLANG_WARN_DOCUMENTATION_COMMENTS = YES;
				CLANG_WARN_EMPTY_BODY = YES;
				CLANG_WARN_ENUM_CONVERSION = YES;
				CLANG_WARN_INFINITE_RECURSION = YES;
				CLANG_WARN_INT_CONVERSION = YES;
				CLANG_WARN_NON_LITERAL_NULL_CONVERSION = YES;
				CLANG_WARN_OBJC_IMPLICIT_RETAIN_SELF = YES;
				CLANG_WARN_OBJC_LITERAL_CONVERSION = YES;
				CLANG_WARN_OBJC_ROOT_CLASS = YES_ERROR;
				CLANG_WARN_QUOTED_INCLUDE_IN_FRAMEWORK_HEADER = YES;
				CLANG_WARN_RANGE_LOOP_ANALYSIS = YES;
				CLANG_WARN_STRICT_PROTOTYPES = YES;
				CLANG_WARN_SUSPICIOUS_MOVE = YES;
				CLANG_WARN_UNGUARDED_AVAILABILITY = YES_AGGRESSIVE;
				CLANG_WARN_UNREACHABLE_CODE = YES;
				CLANG_WARN__DUPLICATE_METHOD_MATCH = YES;
				COPY_PHASE_STRIP = NO;
				DEBUG_INFORMATION_FORMAT = dwarf;
				ENABLE_STRICT_OBJC_MSGSEND = YES;
				ENABLE_TESTABILITY = YES;
				GCC_C_LANGUAGE_STANDARD = gnu11;
				GCC_DYNAMIC_NO_PIC = NO;
				GCC_NO_COMMON_BLOCKS = YES;
				GCC_OPTIMIZATION_LEVEL = 0;
				GCC_PREPROCESSOR_DEFINITIONS = (
					"DEBUG=1",
					"$(inherited)",
				);
				GCC_WARN_64_TO_32_BIT_CONVERSION = YES;
				GCC_WARN_ABOUT_RETURN_TYPE = YES_ERROR;
				GCC_WARN_UNDECLARED_SELECTOR = YES;
				GCC_WARN_UNINITIALIZED_AUTOS = YES_AGGRESSIVE;
				GCC_WARN_UNUSED_FUNCTION = YES;
				GCC_WARN_UNUSED_VARIABLE = YES;
				IPHONEOS_DEPLOYMENT_TARGET = 15.0;
				MTL_ENABLE_DEBUG_INFO = INCLUDE_SOURCE;
				MTL_FAST_MATH = YES;
				ONLY_ACTIVE_ARCH = YES;
				SDKROOT = iphoneos;
				SWIFT_ACTIVE_COMPILATION_CONDITIONS = DEBUG;
				SWIFT_OPTIMIZATION_LEVEL = "-Onone";
			};
			name = Debug;
		};
		DD464B1B285A276800D55F40 /* Release */ = {
			isa = XCBuildConfiguration;
			buildSettings = {
				ALWAYS_SEARCH_USER_PATHS = NO;
				CLANG_ANALYZER_NONNULL = YES;
				CLANG_ANALYZER_NUMBER_OBJECT_CONVERSION = YES_AGGRESSIVE;
				CLANG_CXX_LANGUAGE_STANDARD = "gnu++17";
				CLANG_CXX_LIBRARY = "libc++";
				CLANG_ENABLE_MODULES = YES;
				CLANG_ENABLE_OBJC_ARC = YES;
				CLANG_ENABLE_OBJC_WEAK = YES;
				CLANG_WARN_BLOCK_CAPTURE_AUTORELEASING = YES;
				CLANG_WARN_BOOL_CONVERSION = YES;
				CLANG_WARN_COMMA = YES;
				CLANG_WARN_CONSTANT_CONVERSION = YES;
				CLANG_WARN_DEPRECATED_OBJC_IMPLEMENTATIONS = YES;
				CLANG_WARN_DIRECT_OBJC_ISA_USAGE = YES_ERROR;
				CLANG_WARN_DOCUMENTATION_COMMENTS = YES;
				CLANG_WARN_EMPTY_BODY = YES;
				CLANG_WARN_ENUM_CONVERSION = YES;
				CLANG_WARN_INFINITE_RECURSION = YES;
				CLANG_WARN_INT_CONVERSION = YES;
				CLANG_WARN_NON_LITERAL_NULL_CONVERSION = YES;
				CLANG_WARN_OBJC_IMPLICIT_RETAIN_SELF = YES;
				CLANG_WARN_OBJC_LITERAL_CONVERSION = YES;
				CLANG_WARN_OBJC_ROOT_CLASS = YES_ERROR;
				CLANG_WARN_QUOTED_INCLUDE_IN_FRAMEWORK_HEADER = YES;
				CLANG_WARN_RANGE_LOOP_ANALYSIS = YES;
				CLANG_WARN_STRICT_PROTOTYPES = YES;
				CLANG_WARN_SUSPICIOUS_MOVE = YES;
				CLANG_WARN_UNGUARDED_AVAILABILITY = YES_AGGRESSIVE;
				CLANG_WARN_UNREACHABLE_CODE = YES;
				CLANG_WARN__DUPLICATE_METHOD_MATCH = YES;
				COPY_PHASE_STRIP = NO;
				DEBUG_INFORMATION_FORMAT = "dwarf-with-dsym";
				ENABLE_NS_ASSERTIONS = NO;
				ENABLE_STRICT_OBJC_MSGSEND = YES;
				GCC_C_LANGUAGE_STANDARD = gnu11;
				GCC_NO_COMMON_BLOCKS = YES;
				GCC_WARN_64_TO_32_BIT_CONVERSION = YES;
				GCC_WARN_ABOUT_RETURN_TYPE = YES_ERROR;
				GCC_WARN_UNDECLARED_SELECTOR = YES;
				GCC_WARN_UNINITIALIZED_AUTOS = YES_AGGRESSIVE;
				GCC_WARN_UNUSED_FUNCTION = YES;
				GCC_WARN_UNUSED_VARIABLE = YES;
				IPHONEOS_DEPLOYMENT_TARGET = 15.0;
				MTL_ENABLE_DEBUG_INFO = NO;
				MTL_FAST_MATH = YES;
				SDKROOT = iphoneos;
				SWIFT_COMPILATION_MODE = wholemodule;
				SWIFT_OPTIMIZATION_LEVEL = "-O";
				VALIDATE_PRODUCT = YES;
			};
			name = Release;
		};
		DD464B1D285A276800D55F40 /* Debug */ = {
			isa = XCBuildConfiguration;
			buildSettings = {
				ASSETCATALOG_COMPILER_APPICON_NAME = AppIcon;
				ASSETCATALOG_COMPILER_GLOBAL_ACCENT_COLOR_NAME = AccentColor;
				CODE_SIGN_STYLE = Automatic;
				CURRENT_PROJECT_VERSION = 1;
				DEVELOPMENT_ASSET_PATHS = "\"BuildingListsAndNavigation/Preview Content\"";
				ENABLE_PREVIEWS = YES;
				GENERATE_INFOPLIST_FILE = YES;
				INFOPLIST_KEY_UIApplicationSceneManifest_Generation = YES;
				INFOPLIST_KEY_UIApplicationSupportsIndirectInputEvents = YES;
				INFOPLIST_KEY_UILaunchScreen_Generation = YES;
				INFOPLIST_KEY_UISupportedInterfaceOrientations_iPad = "UIInterfaceOrientationPortrait UIInterfaceOrientationPortraitUpsideDown UIInterfaceOrientationLandscapeLeft UIInterfaceOrientationLandscapeRight";
				INFOPLIST_KEY_UISupportedInterfaceOrientations_iPhone = "UIInterfaceOrientationPortrait UIInterfaceOrientationLandscapeLeft UIInterfaceOrientationLandscapeRight";
				LD_RUNPATH_SEARCH_PATHS = (
					"$(inherited)",
					"@executable_path/Frameworks",
				);
				MARKETING_VERSION = 1.0;
				PRODUCT_BUNDLE_IDENTIFIER = com.ezidayzi.BuildingListsAndNavigation;
				PRODUCT_NAME = "$(TARGET_NAME)";
				SWIFT_EMIT_LOC_STRINGS = YES;
				SWIFT_VERSION = 5.0;
				TARGETED_DEVICE_FAMILY = "1,2";
			};
			name = Debug;
		};
		DD464B1E285A276800D55F40 /* Release */ = {
			isa = XCBuildConfiguration;
			buildSettings = {
				ASSETCATALOG_COMPILER_APPICON_NAME = AppIcon;
				ASSETCATALOG_COMPILER_GLOBAL_ACCENT_COLOR_NAME = AccentColor;
				CODE_SIGN_STYLE = Automatic;
				CURRENT_PROJECT_VERSION = 1;
				DEVELOPMENT_ASSET_PATHS = "\"BuildingListsAndNavigation/Preview Content\"";
				ENABLE_PREVIEWS = YES;
				GENERATE_INFOPLIST_FILE = YES;
				INFOPLIST_KEY_UIApplicationSceneManifest_Generation = YES;
				INFOPLIST_KEY_UIApplicationSupportsIndirectInputEvents = YES;
				INFOPLIST_KEY_UILaunchScreen_Generation = YES;
				INFOPLIST_KEY_UISupportedInterfaceOrientations_iPad = "UIInterfaceOrientationPortrait UIInterfaceOrientationPortraitUpsideDown UIInterfaceOrientationLandscapeLeft UIInterfaceOrientationLandscapeRight";
				INFOPLIST_KEY_UISupportedInterfaceOrientations_iPhone = "UIInterfaceOrientationPortrait UIInterfaceOrientationLandscapeLeft UIInterfaceOrientationLandscapeRight";
				LD_RUNPATH_SEARCH_PATHS = (
					"$(inherited)",
					"@executable_path/Frameworks",
				);
				MARKETING_VERSION = 1.0;
				PRODUCT_BUNDLE_IDENTIFIER = com.ezidayzi.BuildingListsAndNavigation;
				PRODUCT_NAME = "$(TARGET_NAME)";
				SWIFT_EMIT_LOC_STRINGS = YES;
				SWIFT_VERSION = 5.0;
				TARGETED_DEVICE_FAMILY = "1,2";
			};
			name = Release;
		};
/* End XCBuildConfiguration section */

/* Begin XCConfigurationList section */
		DD464B09285A276600D55F40 /* Build configuration list for PBXProject "BuildingListsAndNavigation" */ = {
			isa = XCConfigurationList;
			buildConfigurations = (
				DD464B1A285A276800D55F40 /* Debug */,
				DD464B1B285A276800D55F40 /* Release */,
			);
			defaultConfigurationIsVisible = 0;
			defaultConfigurationName = Release;
		};
		DD464B1C285A276800D55F40 /* Build configuration list for PBXNativeTarget "BuildingListsAndNavigation" */ = {
			isa = XCConfigurationList;
			buildConfigurations = (
				DD464B1D285A276800D55F40 /* Debug */,
				DD464B1E285A276800D55F40 /* Release */,
			);
			defaultConfigurationIsVisible = 0;
			defaultConfigurationName = Release;
		};
/* End XCConfigurationList section */
	};
	rootObject = DD464B06285A276600D55F40 /* Project object */;
}
